
Microsoft Visual Studio Solution File, Format Version 12.00
# Visual Studio 15
VisualStudioVersion = 15.0.28307.705
MinimumVisualStudioVersion = 10.0.40219.1
Project("{FAE04EC0-301F-11D3-BF4B-00C04F79EFBC}") = "EjemploProgressBarYDatagridview", "EjemploProgressBarYDatagridview\EjemploProgressBarYDatagridview.csproj", "{54B25547-34D5-482F-9198-F7805C7B9064}"
EndProject
Global
	GlobalSection(SolutionConfigurationPlatforms) = preSolution
		Debug|Any CPU = Debug|Any CPU
		Release|Any CPU = Release|Any CPU
	EndGlobalSection
	GlobalSection(ProjectConfigurationPlatforms) = postSolution
		{54B25547-34D5-482F-9198-F7805C7B9064}.Debug|Any CPU.ActiveCfg = Debug|Any CPU
		{54B25547-34D5-482F-9198-F7805C7B9064}.Debug|Any CPU.Build.0 = Debug|Any CPU
		{54B25547-34D5-482F-9198-F7805C7B9064}.Release|Any CPU.ActiveCfg = Release|Any CPU
		{54B25547-34D5-482F-9198-F7805C7B9064}.Release|Any CPU.Build.0 = Release|Any CPU
	EndGlobalSection
	GlobalSection(SolutionProperties) = preSolution
		HideSolutionNode = FALSE
	EndGlobalSection
	GlobalSection(ExtensibilityGlobals) = postSolution
		SolutionGuid = {822A6056-F794-4BDA-A46E-B6B01E14E5E3}
	EndGlobalSection
EndGlobal
